
Microsoft Visual Studio Solution File, Format Version 12.00
# Visual Studio 15
VisualStudioVersion = 15.0.28010.2003
MinimumVisualStudioVersion = 10.0.40219.1
Project("{E24C65DC-7377-472B-9ABA-BC803B73C61A}") = "docker-cli-js", ".", "{D3A39F67-6207-4E08-9009-CD2E2E30E100}"
	ProjectSection(WebsiteProperties) = preProject
		TargetFrameworkMoniker = ".NETFramework,Version%3Dv4.0"
		Debug.AspNetCompiler.VirtualPath = "/localhost_63210"
		Debug.AspNetCompiler.PhysicalPath = "..\docker-cli-js\"
		Debug.AspNetCompiler.TargetPath = "PrecompiledWeb\localhost_63210\"
		Debug.AspNetCompiler.Updateable = "true"
		Debug.AspNetCompiler.ForceOverwrite = "true"
		Debug.AspNetCompiler.FixedNames = "false"
		Debug.AspNetCompiler.Debug = "True"
		Release.AspNetCompiler.VirtualPath = "/localhost_63210"
		Release.AspNetCompiler.PhysicalPath = "..\docker-cli-js\"
		Release.AspNetCompiler.TargetPath = "PrecompiledWeb\localhost_63210\"
		Release.AspNetCompiler.Updateable = "true"
		Release.AspNetCompiler.ForceOverwrite = "true"
		Release.AspNetCompiler.FixedNames = "false"
		Release.AspNetCompiler.Debug = "False"
		VWDPort = "63210"
	EndProjectSection
EndProject
Global
	GlobalSection(SolutionConfigurationPlatforms) = preSolution
		Debug|Any CPU = Debug|Any CPU
	EndGlobalSection
	GlobalSection(ProjectConfigurationPlatforms) = postSolution
		{D3A39F67-6207-4E08-9009-CD2E2E30E100}.Debug|Any CPU.ActiveCfg = Debug|Any CPU
		{D3A39F67-6207-4E08-9009-CD2E2E30E100}.Debug|Any CPU.Build.0 = Debug|Any CPU
	EndGlobalSection
	GlobalSection(SolutionProperties) = preSolution
		HideSolutionNode = FALSE
	EndGlobalSection
	GlobalSection(ExtensibilityGlobals) = postSolution
		SolutionGuid = {9EA4508B-F155-4C48-940B-7EAD349EA916}
	EndGlobalSection
EndGlobal
