{
  "name": "docker-cli-js",
  "version": "2.2.0",
  "lockfileVersion": 1,
  "requires": true,
  "dependencies": {
    "@types/blue-tape": {
      "version": "0.1.31",
      "resolved": "https://registry.npmjs.org/@types/blue-tape/-/blue-tape-0.1.31.tgz",
      "integrity": "sha512-cw/3PC4Bt2elKAiOlENSoJwPMBXNWYuxwOKGgoFg/1epDHO9I5xEYDenfex0Olo4CuN8IozYLYOwAFYuWEn1gA==",
      "requires": {
        "@types/node": "https://registry.npmjs.org/@types/node/-/node-7.0.43.tgz",
        "@types/tape": "https://registry.npmjs.org/@types/tape/-/tape-4.2.30.tgz"
      }
    },
    "@types/lodash": {
      "version": "4.14.76",
      "resolved": "https://registry.npmjs.org/@types/lodash/-/lodash-4.14.76.tgz",
      "integrity": "sha512-D9fps/hN+XLF7G6SprwfxSxT3SFpKF3qix5IUx41AxwI9Zrdv+3Gqn1gprb3/O/+x6lpT9STJEZib6sogddPpA=="
    },
    "@types/node": {
      "version": "https://registry.npmjs.org/@types/node/-/node-7.0.43.tgz",
      "integrity": "sha1-oYfghJWgdfIAypRgeckU4aX+liw="
    },
    "@types/tape": {
      "version": "https://registry.npmjs.org/@types/tape/-/tape-4.2.30.tgz",
      "integrity": "sha1-PBkXxN/W8nJxuZInclE1FbxsRrQ=",
      "requires": {
        "@types/node": "https://registry.npmjs.org/@types/node/-/node-7.0.43.tgz"
      }
    }
  }
}
